// !$*UTF8*$!
{
	archiveVersion = 1;
	classes = {
	};
	objectVersion = 56;
	objects = {

/* Begin PBXBuildFile section */
		F70750672C1B7431008664B8 /* LocationManager.swift in Sources */ = {isa = PBXBuildFile; fileRef = F70750662C1B7431008664B8 /* LocationManager.swift */; };
		F707506B2C1B8452008664B8 /* MKCoordinateRegion+Ext.swift in Sources */ = {isa = PBXBuildFile; fileRef = F707506A2C1B8452008664B8 /* MKCoordinateRegion+Ext.swift */; };
		F707506E2C1BA7E8008664B8 /* MapUtilities.swift in Sources */ = {isa = PBXBuildFile; fileRef = F707506D2C1BA7E8008664B8 /* MapUtilities.swift */; };
		F70750712C1BAF29008664B8 /* PlaceView.swift in Sources */ = {isa = PBXBuildFile; fileRef = F70750702C1BAF29008664B8 /* PlaceView.swift */; };
		F70750732C1BB2ED008664B8 /* PreviewData.swift in Sources */ = {isa = PBXBuildFile; fileRef = F70750722C1BB2ED008664B8 /* PreviewData.swift */; };
		F760F23F2C1A30860068E6EA /* CloseToMeApp.swift in Sources */ = {isa = PBXBuildFile; fileRef = F760F23E2C1A30860068E6EA /* CloseToMeApp.swift */; };
		F760F2432C1A30880068E6EA /* Assets.xcassets in Resources */ = {isa = PBXBuildFile; fileRef = F760F2422C1A30880068E6EA /* Assets.xcassets */; };
		F760F2462C1A30880068E6EA /* Preview Assets.xcassets in Resources */ = {isa = PBXBuildFile; fileRef = F760F2452C1A30880068E6EA /* Preview Assets.xcassets */; };
		F760F24D2C1A50A80068E6EA /* CloseToMeView.swift in Sources */ = {isa = PBXBuildFile; fileRef = F760F24C2C1A50A80068E6EA /* CloseToMeView.swift */; };
/* End PBXBuildFile section */

/* Begin PBXFileReference section */
		F70750662C1B7431008664B8 /* LocationManager.swift */ = {isa = PBXFileReference; lastKnownFileType = sourcecode.swift; path = LocationManager.swift; sourceTree = "<group>"; };
		F707506A2C1B8452008664B8 /* MKCoordinateRegion+Ext.swift */ = {isa = PBXFileReference; lastKnownFileType = sourcecode.swift; path = "MKCoordinateRegion+Ext.swift"; sourceTree = "<group>"; };
		F707506D2C1BA7E8008664B8 /* MapUtilities.swift */ = {isa = PBXFileReference; lastKnownFileType = sourcecode.swift; path = MapUtilities.swift; sourceTree = "<group>"; };
		F70750702C1BAF29008664B8 /* PlaceView.swift */ = {isa = PBXFileReference; lastKnownFileType = sourcecode.swift; path = PlaceView.swift; sourceTree = "<group>"; };
		F70750722C1BB2ED008664B8 /* PreviewData.swift */ = {isa = PBXFileReference; lastKnownFileType = sourcecode.swift; path = PreviewData.swift; sourceTree = "<group>"; };
		F760F23B2C1A30860068E6EA /* CloseToMe.app */ = {isa = PBXFileReference; explicitFileType = wrapper.application; includeInIndex = 0; path = CloseToMe.app; sourceTree = BUILT_PRODUCTS_DIR; };
		F760F23E2C1A30860068E6EA /* CloseToMeApp.swift */ = {isa = PBXFileReference; lastKnownFileType = sourcecode.swift; path = CloseToMeApp.swift; sourceTree = "<group>"; };
		F760F2422C1A30880068E6EA /* Assets.xcassets */ = {isa = PBXFileReference; lastKnownFileType = folder.assetcatalog; path = Assets.xcassets; sourceTree = "<group>"; };
		F760F2452C1A30880068E6EA /* Preview Assets.xcassets */ = {isa = PBXFileReference; lastKnownFileType = folder.assetcatalog; path = "Preview Assets.xcassets"; sourceTree = "<group>"; };
		F760F24C2C1A50A80068E6EA /* CloseToMeView.swift */ = {isa = PBXFileReference; lastKnownFileType = sourcecode.swift; path = CloseToMeView.swift; sourceTree = "<group>"; };
/* End PBXFileReference section */

/* Begin PBXFrameworksBuildPhase section */
		F760F2382C1A30860068E6EA /* Frameworks */ = {
			isa = PBXFrameworksBuildPhase;
			buildActionMask = 2147483647;
			files = (
			);
			runOnlyForDeploymentPostprocessing = 0;
		};
/* End PBXFrameworksBuildPhase section */

/* Begin PBXGroup section */
		F70750682C1B7437008664B8 /* Managers */ = {
			isa = PBXGroup;
			children = (
				F70750662C1B7431008664B8 /* LocationManager.swift */,
			);
			path = Managers;
			sourceTree = "<group>";
		};
		F70750692C1B8430008664B8 /* Extensions */ = {
			isa = PBXGroup;
			children = (
				F707506A2C1B8452008664B8 /* MKCoordinateRegion+Ext.swift */,
			);
			path = Extensions;
			sourceTree = "<group>";
		};
		F707506C2C1BA7CA008664B8 /* Utilitys */ = {
			isa = PBXGroup;
			children = (
				F707506D2C1BA7E8008664B8 /* MapUtilities.swift */,
			);
			path = Utilitys;
			sourceTree = "<group>";
		};
		F707506F2C1BAF15008664B8 /* Views */ = {
			isa = PBXGroup;
			children = (
				F70750702C1BAF29008664B8 /* PlaceView.swift */,
			);
			path = Views;
			sourceTree = "<group>";
		};
		F760F2322C1A30860068E6EA = {
			isa = PBXGroup;
			children = (
				F760F23D2C1A30860068E6EA /* CloseToMe */,
				F760F23C2C1A30860068E6EA /* Products */,
			);
			sourceTree = "<group>";
		};
		F760F23C2C1A30860068E6EA /* Products */ = {
			isa = PBXGroup;
			children = (
				F760F23B2C1A30860068E6EA /* CloseToMe.app */,
			);
			name = Products;
			sourceTree = "<group>";
		};
		F760F23D2C1A30860068E6EA /* CloseToMe */ = {
			isa = PBXGroup;
			children = (
				F707506F2C1BAF15008664B8 /* Views */,
				F707506C2C1BA7CA008664B8 /* Utilitys */,
				F70750692C1B8430008664B8 /* Extensions */,
				F70750682C1B7437008664B8 /* Managers */,
				F760F24C2C1A50A80068E6EA /* CloseToMeView.swift */,
				F760F2422C1A30880068E6EA /* Assets.xcassets */,
				F760F2442C1A30880068E6EA /* Preview Content */,
				F760F23E2C1A30860068E6EA /* CloseToMeApp.swift */,
				F70750722C1BB2ED008664B8 /* PreviewData.swift */,
			);
			path = CloseToMe;
			sourceTree = "<group>";
		};
		F760F2442C1A30880068E6EA /* Preview Content */ = {
			isa = PBXGroup;
			children = (
				F760F2452C1A30880068E6EA /* Preview Assets.xcassets */,
			);
			path = "Preview Content";
			sourceTree = "<group>";
		};
/* End PBXGroup section */

/* Begin PBXNativeTarget section */
		F760F23A2C1A30860068E6EA /* CloseToMe */ = {
			isa = PBXNativeTarget;
			buildConfigurationList = F760F2492C1A30880068E6EA /* Build configuration list for PBXNativeTarget "CloseToMe" */;
			buildPhases = (
				F760F2372C1A30860068E6EA /* Sources */,
				F760F2382C1A30860068E6EA /* Frameworks */,
				F760F2392C1A30860068E6EA /* Resources */,
			);
			buildRules = (
			);
			dependencies = (
			);
			name = CloseToMe;
			productName = CloseToMe;
			productReference = F760F23B2C1A30860068E6EA /* CloseToMe.app */;
			productType = "com.apple.product-type.application";
		};
/* End PBXNativeTarget section */

/* Begin PBXProject section */
		F760F2332C1A30860068E6EA /* Project object */ = {
			isa = PBXProject;
			attributes = {
				BuildIndependentTargetsInParallel = 1;
				LastSwiftUpdateCheck = 1540;
				LastUpgradeCheck = 1540;
				TargetAttributes = {
					F760F23A2C1A30860068E6EA = {
						CreatedOnToolsVersion = 15.4;
					};
				};
			};
			buildConfigurationList = F760F2362C1A30860068E6EA /* Build configuration list for PBXProject "CloseToMe" */;
			compatibilityVersion = "Xcode 14.0";
			developmentRegion = en;
			hasScannedForEncodings = 0;
			knownRegions = (
				en,
				Base,
			);
			mainGroup = F760F2322C1A30860068E6EA;
			productRefGroup = F760F23C2C1A30860068E6EA /* Products */;
			projectDirPath = "";
			projectRoot = "";
			targets = (
				F760F23A2C1A30860068E6EA /* CloseToMe */,
			);
		};
/* End PBXProject section */

/* Begin PBXResourcesBuildPhase section */
		F760F2392C1A30860068E6EA /* Resources */ = {
			isa = PBXResourcesBuildPhase;
			buildActionMask = 2147483647;
			files = (
				F760F2462C1A30880068E6EA /* Preview Assets.xcassets in Resources */,
				F760F2432C1A30880068E6EA /* Assets.xcassets in Resources */,
			);
			runOnlyForDeploymentPostprocessing = 0;
		};
/* End PBXResourcesBuildPhase section */

/* Begin PBXSourcesBuildPhase section */
		F760F2372C1A30860068E6EA /* Sources */ = {
			isa = PBXSourcesBuildPhase;
			buildActionMask = 2147483647;
			files = (
				F70750712C1BAF29008664B8 /* PlaceView.swift in Sources */,
				F760F24D2C1A50A80068E6EA /* CloseToMeView.swift in Sources */,
				F760F23F2C1A30860068E6EA /* CloseToMeApp.swift in Sources */,
				F70750672C1B7431008664B8 /* LocationManager.swift in Sources */,
				F70750732C1BB2ED008664B8 /* PreviewData.swift in Sources */,
				F707506E2C1BA7E8008664B8 /* MapUtilities.swift in Sources */,
				F707506B2C1B8452008664B8 /* MKCoordinateRegion+Ext.swift in Sources */,
			);
			runOnlyForDeploymentPostprocessing = 0;
		};
/* End PBXSourcesBuildPhase section */

/* Begin XCBuildConfiguration section */
		F760F2472C1A30880068E6EA /* Debug */ = {
			isa = XCBuildConfiguration;
			buildSettings = {
				ALWAYS_SEARCH_USER_PATHS = NO;
				ASSETCATALOG_COMPILER_GENERATE_SWIFT_ASSET_SYMBOL_EXTENSIONS = YES;
				CLANG_ANALYZER_NONNULL = YES;
				CLANG_ANALYZER_NUMBER_OBJECT_CONVERSION = YES_AGGRESSIVE;
				CLANG_CXX_LANGUAGE_STANDARD = "gnu++20";
				CLANG_ENABLE_MODULES = YES;
				CLANG_ENABLE_OBJC_ARC = YES;
				CLANG_ENABLE_OBJC_WEAK = YES;
				CLANG_WARN_BLOCK_CAPTURE_AUTORELEASING = YES;
				CLANG_WARN_BOOL_CONVERSION = YES;
				CLANG_WARN_COMMA = YES;
				CLANG_WARN_CONSTANT_CONVERSION = YES;
				CLANG_WARN_DEPRECATED_OBJC_IMPLEMENTATIONS = YES;
				CLANG_WARN_DIRECT_OBJC_ISA_USAGE = YES_ERROR;
				CLANG_WARN_DOCUMENTATION_COMMENTS = YES;
				CLANG_WARN_EMPTY_BODY = YES;
				CLANG_WARN_ENUM_CONVERSION = YES;
				CLANG_WARN_INFINITE_RECURSION = YES;
				CLANG_WARN_INT_CONVERSION = YES;
				CLANG_WARN_NON_LITERAL_NULL_CONVERSION = YES;
				CLANG_WARN_OBJC_IMPLICIT_RETAIN_SELF = YES;
				CLANG_WARN_OBJC_LITERAL_CONVERSION = YES;
				CLANG_WARN_OBJC_ROOT_CLASS = YES_ERROR;
				CLANG_WARN_QUOTED_INCLUDE_IN_FRAMEWORK_HEADER = YES;
				CLANG_WARN_RANGE_LOOP_ANALYSIS = YES;
				CLANG_WARN_STRICT_PROTOTYPES = YES;
				CLANG_WARN_SUSPICIOUS_MOVE = YES;
				CLANG_WARN_UNGUARDED_AVAILABILITY = YES_AGGRESSIVE;
				CLANG_WARN_UNREACHABLE_CODE = YES;
				CLANG_WARN__DUPLICATE_METHOD_MATCH = YES;
				COPY_PHASE_STRIP = NO;
				DEBUG_INFORMATION_FORMAT = dwarf;
				ENABLE_STRICT_OBJC_MSGSEND = YES;
				ENABLE_TESTABILITY = YES;
				ENABLE_USER_SCRIPT_SANDBOXING = YES;
				GCC_C_LANGUAGE_STANDARD = gnu17;
				GCC_DYNAMIC_NO_PIC = NO;
				GCC_NO_COMMON_BLOCKS = YES;
				GCC_OPTIMIZATION_LEVEL = 0;
				GCC_PREPROCESSOR_DEFINITIONS = (
					"DEBUG=1",
					"$(inherited)",
				);
				GCC_WARN_64_TO_32_BIT_CONVERSION = YES;
				GCC_WARN_ABOUT_RETURN_TYPE = YES_ERROR;
				GCC_WARN_UNDECLARED_SELECTOR = YES;
				GCC_WARN_UNINITIALIZED_AUTOS = YES_AGGRESSIVE;
				GCC_WARN_UNUSED_FUNCTION = YES;
				GCC_WARN_UNUSED_VARIABLE = YES;
				IPHONEOS_DEPLOYMENT_TARGET = 17.5;
				LOCALIZATION_PREFERS_STRING_CATALOGS = YES;
				MTL_ENABLE_DEBUG_INFO = INCLUDE_SOURCE;
				MTL_FAST_MATH = YES;
				ONLY_ACTIVE_ARCH = YES;
				SDKROOT = iphoneos;
				SWIFT_ACTIVE_COMPILATION_CONDITIONS = "DEBUG $(inherited)";
				SWIFT_OPTIMIZATION_LEVEL = "-Onone";
			};
			name = Debug;
		};
		F760F2482C1A30880068E6EA /* Release */ = {
			isa = XCBuildConfiguration;
			buildSettings = {
				ALWAYS_SEARCH_USER_PATHS = NO;
				ASSETCATALOG_COMPILER_GENERATE_SWIFT_ASSET_SYMBOL_EXTENSIONS = YES;
				CLANG_ANALYZER_NONNULL = YES;
				CLANG_ANALYZER_NUMBER_OBJECT_CONVERSION = YES_AGGRESSIVE;
				CLANG_CXX_LANGUAGE_STANDARD = "gnu++20";
				CLANG_ENABLE_MODULES = YES;
				CLANG_ENABLE_OBJC_ARC = YES;
				CLANG_ENABLE_OBJC_WEAK = YES;
				CLANG_WARN_BLOCK_CAPTURE_AUTORELEASING = YES;
				CLANG_WARN_BOOL_CONVERSION = YES;
				CLANG_WARN_COMMA = YES;
				CLANG_WARN_CONSTANT_CONVERSION = YES;
				CLANG_WARN_DEPRECATED_OBJC_IMPLEMENTATIONS = YES;
				CLANG_WARN_DIRECT_OBJC_ISA_USAGE = YES_ERROR;
				CLANG_WARN_DOCUMENTATION_COMMENTS = YES;
				CLANG_WARN_EMPTY_BODY = YES;
				CLANG_WARN_ENUM_CONVERSION = YES;
				CLANG_WARN_INFINITE_RECURSION = YES;
				CLANG_WARN_INT_CONVERSION = YES;
				CLANG_WARN_NON_LITERAL_NULL_CONVERSION = YES;
				CLANG_WARN_OBJC_IMPLICIT_RETAIN_SELF = YES;
				CLANG_WARN_OBJC_LITERAL_CONVERSION = YES;
				CLANG_WARN_OBJC_ROOT_CLASS = YES_ERROR;
				CLANG_WARN_QUOTED_INCLUDE_IN_FRAMEWORK_HEADER = YES;
				CLANG_WARN_RANGE_LOOP_ANALYSIS = YES;
				CLANG_WARN_STRICT_PROTOTYPES = YES;
				CLANG_WARN_SUSPICIOUS_MOVE = YES;
				CLANG_WARN_UNGUARDED_AVAILABILITY = YES_AGGRESSIVE;
				CLANG_WARN_UNREACHABLE_CODE = YES;
				CLANG_WARN__DUPLICATE_METHOD_MATCH = YES;
				COPY_PHASE_STRIP = NO;
				DEBUG_INFORMATION_FORMAT = "dwarf-with-dsym";
				ENABLE_NS_ASSERTIONS = NO;
				ENABLE_STRICT_OBJC_MSGSEND = YES;
				ENABLE_USER_SCRIPT_SANDBOXING = YES;
				GCC_C_LANGUAGE_STANDARD = gnu17;
				GCC_NO_COMMON_BLOCKS = YES;
				GCC_WARN_64_TO_32_BIT_CONVERSION = YES;
				GCC_WARN_ABOUT_RETURN_TYPE = YES_ERROR;
				GCC_WARN_UNDECLARED_SELECTOR = YES;
				GCC_WARN_UNINITIALIZED_AUTOS = YES_AGGRESSIVE;
				GCC_WARN_UNUSED_FUNCTION = YES;
				GCC_WARN_UNUSED_VARIABLE = YES;
				IPHONEOS_DEPLOYMENT_TARGET = 17.5;
				LOCALIZATION_PREFERS_STRING_CATALOGS = YES;
				MTL_ENABLE_DEBUG_INFO = NO;
				MTL_FAST_MATH = YES;
				SDKROOT = iphoneos;
				SWIFT_COMPILATION_MODE = wholemodule;
				VALIDATE_PRODUCT = YES;
			};
			name = Release;
		};
		F760F24A2C1A30880068E6EA /* Debug */ = {
			isa = XCBuildConfiguration;
			buildSettings = {
				ASSETCATALOG_COMPILER_APPICON_NAME = AppIcon;
				ASSETCATALOG_COMPILER_GLOBAL_ACCENT_COLOR_NAME = AccentColor;
				CODE_SIGN_STYLE = Automatic;
				CURRENT_PROJECT_VERSION = 1;
				DEVELOPMENT_ASSET_PATHS = "\"CloseToMe/Preview Content\"";
				DEVELOPMENT_TEAM = 6D9CKTK39V;
				ENABLE_PREVIEWS = YES;
				GENERATE_INFOPLIST_FILE = YES;
				INFOPLIST_KEY_NSLocationWhenInUseUsageDescription = "CloseToMe requires your location";
				INFOPLIST_KEY_UIApplicationSceneManifest_Generation = YES;
				INFOPLIST_KEY_UIApplicationSupportsIndirectInputEvents = YES;
				INFOPLIST_KEY_UILaunchScreen_Generation = YES;
				INFOPLIST_KEY_UISupportedInterfaceOrientations_iPad = "UIInterfaceOrientationPortrait UIInterfaceOrientationPortraitUpsideDown UIInterfaceOrientationLandscapeLeft UIInterfaceOrientationLandscapeRight";
				INFOPLIST_KEY_UISupportedInterfaceOrientations_iPhone = "UIInterfaceOrientationPortrait UIInterfaceOrientationLandscapeLeft UIInterfaceOrientationLandscapeRight";
				LD_RUNPATH_SEARCH_PATHS = (
					"$(inherited)",
					"@executable_path/Frameworks",
				);
				MARKETING_VERSION = 1.0;
				PRODUCT_BUNDLE_IDENTIFIER = trvl.CloseToMe;
				PRODUCT_NAME = "$(TARGET_NAME)";
				SWIFT_EMIT_LOC_STRINGS = YES;
				SWIFT_VERSION = 5.0;
				TARGETED_DEVICE_FAMILY = "1,2";
			};
			name = Debug;
		};
		F760F24B2C1A30880068E6EA /* Release */ = {
			isa = XCBuildConfiguration;
			buildSettings = {
				ASSETCATALOG_COMPILER_APPICON_NAME = AppIcon;
				ASSETCATALOG_COMPILER_GLOBAL_ACCENT_COLOR_NAME = AccentColor;
				CODE_SIGN_STYLE = Automatic;
				CURRENT_PROJECT_VERSION = 1;
				DEVELOPMENT_ASSET_PATHS = "\"CloseToMe/Preview Content\"";
				DEVELOPMENT_TEAM = 6D9CKTK39V;
				ENABLE_PREVIEWS = YES;
				GENERATE_INFOPLIST_FILE = YES;
				INFOPLIST_KEY_NSLocationWhenInUseUsageDescription = "CloseToMe requires your location";
				INFOPLIST_KEY_UIApplicationSceneManifest_Generation = YES;
				INFOPLIST_KEY_UIApplicationSupportsIndirectInputEvents = YES;
				INFOPLIST_KEY_UILaunchScreen_Generation = YES;
				INFOPLIST_KEY_UISupportedInterfaceOrientations_iPad = "UIInterfaceOrientationPortrait UIInterfaceOrientationPortraitUpsideDown UIInterfaceOrientationLandscapeLeft UIInterfaceOrientationLandscapeRight";
				INFOPLIST_KEY_UISupportedInterfaceOrientations_iPhone = "UIInterfaceOrientationPortrait UIInterfaceOrientationLandscapeLeft UIInterfaceOrientationLandscapeRight";
				LD_RUNPATH_SEARCH_PATHS = (
					"$(inherited)",
					"@executable_path/Frameworks",
				);
				MARKETING_VERSION = 1.0;
				PRODUCT_BUNDLE_IDENTIFIER = trvl.CloseToMe;
				PRODUCT_NAME = "$(TARGET_NAME)";
				SWIFT_EMIT_LOC_STRINGS = YES;
				SWIFT_VERSION = 5.0;
				TARGETED_DEVICE_FAMILY = "1,2";
			};
			name = Release;
		};
/* End XCBuildConfiguration section */

/* Begin XCConfigurationList section */
		F760F2362C1A30860068E6EA /* Build configuration list for PBXProject "CloseToMe" */ = {
			isa = XCConfigurationList;
			buildConfigurations = (
				F760F2472C1A30880068E6EA /* Debug */,
				F760F2482C1A30880068E6EA /* Release */,
			);
			defaultConfigurationIsVisible = 0;
			defaultConfigurationName = Release;
		};
		F760F2492C1A30880068E6EA /* Build configuration list for PBXNativeTarget "CloseToMe" */ = {
			isa = XCConfigurationList;
			buildConfigurations = (
				F760F24A2C1A30880068E6EA /* Debug */,
				F760F24B2C1A30880068E6EA /* Release */,
			);
			defaultConfigurationIsVisible = 0;
			defaultConfigurationName = Release;
		};
/* End XCConfigurationList section */
	};
	rootObject = F760F2332C1A30860068E6EA /* Project object */;
}
